
Microsoft Visual Studio Solution File, Format Version 12.00
# Visual Studio Version 16
VisualStudioVersion = 16.0.30804.86
MinimumVisualStudioVersion = 10.0.40219.1
Project("{FAE04EC0-301F-11D3-BF4B-00C04F79EFBC}") = "TIC TAC TOE windows forms", "TIC TAC TOE windows forms\TIC TAC TOE windows forms.csproj", "{9CB9324A-D265-43D2-AB4C-3CF047518F54}"
EndProject
Global
	GlobalSection(SolutionConfigurationPlatforms) = preSolution
		Debug|Any CPU = Debug|Any CPU
		Release|Any CPU = Release|Any CPU
	EndGlobalSection
	GlobalSection(ProjectConfigurationPlatforms) = postSolution
		{9CB9324A-D265-43D2-AB4C-3CF047518F54}.Debug|Any CPU.ActiveCfg = Debug|Any CPU
		{9CB9324A-D265-43D2-AB4C-3CF047518F54}.Debug|Any CPU.Build.0 = Debug|Any CPU
		{9CB9324A-D265-43D2-AB4C-3CF047518F54}.Release|Any CPU.ActiveCfg = Release|Any CPU
		{9CB9324A-D265-43D2-AB4C-3CF047518F54}.Release|Any CPU.Build.0 = Release|Any CPU
	EndGlobalSection
	GlobalSection(SolutionProperties) = preSolution
		HideSolutionNode = FALSE
	EndGlobalSection
	GlobalSection(ExtensibilityGlobals) = postSolution
		SolutionGuid = {9F042FC3-E340-45E8-8A4F-8650760C041B}
	EndGlobalSection
EndGlobal
